// !$*UTF8*$!
{
	archiveVersion = 1;
	classes = {
	};
	objectVersion = 46;
	objects = {

/* Begin PBXBuildFile section */
		0281F3B41C0DFEB000B7B4ED /* AppDelegate.swift in Sources */ = {isa = PBXBuildFile; fileRef = 0281F3B31C0DFEB000B7B4ED /* AppDelegate.swift */; };
		0281F3B61C0DFEB000B7B4ED /* ViewController.swift in Sources */ = {isa = PBXBuildFile; fileRef = 0281F3B51C0DFEB000B7B4ED /* ViewController.swift */; };
		0281F3B91C0DFEB100B7B4ED /* Main.storyboard in Resources */ = {isa = PBXBuildFile; fileRef = 0281F3B71C0DFEB100B7B4ED /* Main.storyboard */; };
		0281F3BB1C0DFEB100B7B4ED /* Assets.xcassets in Resources */ = {isa = PBXBuildFile; fileRef = 0281F3BA1C0DFEB100B7B4ED /* Assets.xcassets */; };
		0281F3BE1C0DFEB100B7B4ED /* LaunchScreen.storyboard in Resources */ = {isa = PBXBuildFile; fileRef = 0281F3BC1C0DFEB100B7B4ED /* LaunchScreen.storyboard */; };
		0281F3C91C0E025D00B7B4ED /* SWRevealViewController.m in Sources */ = {isa = PBXBuildFile; fileRef = 0281F3C81C0E025D00B7B4ED /* SWRevealViewController.m */; };
		0281F3CB1C0E110200B7B4ED /* MenuTableView.swift in Sources */ = {isa = PBXBuildFile; fileRef = 0281F3CA1C0E110200B7B4ED /* MenuTableView.swift */; };
		0281F3D01C0E19D200B7B4ED /* persona.jpg in Resources */ = {isa = PBXBuildFile; fileRef = 0281F3CF1C0E19D200B7B4ED /* persona.jpg */; };
		0281F3D21C0E1C7A00B7B4ED /* MenuHeaderView.swift in Sources */ = {isa = PBXBuildFile; fileRef = 0281F3D11C0E1C7A00B7B4ED /* MenuHeaderView.swift */; };
		0281F3D41C0E3F3D00B7B4ED /* user_mujer.jpeg in Resources */ = {isa = PBXBuildFile; fileRef = 0281F3D31C0E3F3D00B7B4ED /* user_mujer.jpeg */; };
		02CA9C1C1C0F039400AA579C /* MenuHeaderView.xib in Resources */ = {isa = PBXBuildFile; fileRef = 02CA9C1B1C0F039400AA579C /* MenuHeaderView.xib */; };
		02CDD1F81C237567001C71ED /* bg_user_pic.png in Resources */ = {isa = PBXBuildFile; fileRef = 02CDD1F71C237567001C71ED /* bg_user_pic.png */; };
/* End PBXBuildFile section */

/* Begin PBXFileReference section */
		0281F3B01C0DFEB000B7B4ED /* SideMenu.app */ = {isa = PBXFileReference; explicitFileType = wrapper.application; includeInIndex = 0; path = SideMenu.app; sourceTree = BUILT_PRODUCTS_DIR; };
		0281F3B31C0DFEB000B7B4ED /* AppDelegate.swift */ = {isa = PBXFileReference; lastKnownFileType = sourcecode.swift; path = AppDelegate.swift; sourceTree = "<group>"; };
		0281F3B51C0DFEB000B7B4ED /* ViewController.swift */ = {isa = PBXFileReference; lastKnownFileType = sourcecode.swift; path = ViewController.swift; sourceTree = "<group>"; };
		0281F3B81C0DFEB100B7B4ED /* Base */ = {isa = PBXFileReference; lastKnownFileType = file.storyboard; name = Base; path = Base.lproj/Main.storyboard; sourceTree = "<group>"; };
		0281F3BA1C0DFEB100B7B4ED /* Assets.xcassets */ = {isa = PBXFileReference; lastKnownFileType = folder.assetcatalog; path = Assets.xcassets; sourceTree = "<group>"; };
		0281F3BD1C0DFEB100B7B4ED /* Base */ = {isa = PBXFileReference; lastKnownFileType = file.storyboard; name = Base; path = Base.lproj/LaunchScreen.storyboard; sourceTree = "<group>"; };
		0281F3BF1C0DFEB100B7B4ED /* Info.plist */ = {isa = PBXFileReference; lastKnownFileType = text.plist.xml; path = Info.plist; sourceTree = "<group>"; };
		0281F3C61C0E025D00B7B4ED /* SideMenu-Bridging-Header.h */ = {isa = PBXFileReference; lastKnownFileType = sourcecode.c.h; path = "SideMenu-Bridging-Header.h"; sourceTree = "<group>"; };
		0281F3C71C0E025D00B7B4ED /* SWRevealViewController.h */ = {isa = PBXFileReference; fileEncoding = 4; lastKnownFileType = sourcecode.c.h; path = SWRevealViewController.h; sourceTree = "<group>"; };
		0281F3C81C0E025D00B7B4ED /* SWRevealViewController.m */ = {isa = PBXFileReference; fileEncoding = 4; lastKnownFileType = sourcecode.c.objc; path = SWRevealViewController.m; sourceTree = "<group>"; };
		0281F3CA1C0E110200B7B4ED /* MenuTableView.swift */ = {isa = PBXFileReference; fileEncoding = 4; lastKnownFileType = sourcecode.swift; path = MenuTableView.swift; sourceTree = "<group>"; };
		0281F3CF1C0E19D200B7B4ED /* persona.jpg */ = {isa = PBXFileReference; lastKnownFileType = image.jpeg; path = persona.jpg; sourceTree = "<group>"; };
		0281F3D11C0E1C7A00B7B4ED /* MenuHeaderView.swift */ = {isa = PBXFileReference; fileEncoding = 4; lastKnownFileType = sourcecode.swift; path = MenuHeaderView.swift; sourceTree = "<group>"; };
		0281F3D31C0E3F3D00B7B4ED /* user_mujer.jpeg */ = {isa = PBXFileReference; lastKnownFileType = image.jpeg; path = user_mujer.jpeg; sourceTree = "<group>"; };
		02CA9C1B1C0F039400AA579C /* MenuHeaderView.xib */ = {isa = PBXFileReference; fileEncoding = 4; lastKnownFileType = file.xib; name = MenuHeaderView.xib; path = ../MenuHeaderView.xib; sourceTree = "<group>"; };
		02CDD1F71C237567001C71ED /* bg_user_pic.png */ = {isa = PBXFileReference; lastKnownFileType = image.png; path = bg_user_pic.png; sourceTree = "<group>"; };
/* End PBXFileReference section */

/* Begin PBXFrameworksBuildPhase section */
		0281F3AD1C0DFEB000B7B4ED /* Frameworks */ = {
			isa = PBXFrameworksBuildPhase;
			buildActionMask = 2147483647;
			files = (
			);
			runOnlyForDeploymentPostprocessing = 0;
		};
/* End PBXFrameworksBuildPhase section */

/* Begin PBXGroup section */
		0281F3A71C0DFEB000B7B4ED = {
			isa = PBXGroup;
			children = (
				0281F3C51C0E024F00B7B4ED /* SWRevealViewController */,
				0281F3B21C0DFEB000B7B4ED /* SideMenu */,
				0281F3B11C0DFEB000B7B4ED /* Products */,
			);
			sourceTree = "<group>";
		};
		0281F3B11C0DFEB000B7B4ED /* Products */ = {
			isa = PBXGroup;
			children = (
				0281F3B01C0DFEB000B7B4ED /* SideMenu.app */,
			);
			name = Products;
			sourceTree = "<group>";
		};
		0281F3B21C0DFEB000B7B4ED /* SideMenu */ = {
			isa = PBXGroup;
			children = (
				0281F3CE1C0E19C300B7B4ED /* images */,
				0281F3B31C0DFEB000B7B4ED /* AppDelegate.swift */,
				0281F3B51C0DFEB000B7B4ED /* ViewController.swift */,
				0281F3B71C0DFEB100B7B4ED /* Main.storyboard */,
				0281F3BA1C0DFEB100B7B4ED /* Assets.xcassets */,
				0281F3BC1C0DFEB100B7B4ED /* LaunchScreen.storyboard */,
				0281F3BF1C0DFEB100B7B4ED /* Info.plist */,
				0281F3CA1C0E110200B7B4ED /* MenuTableView.swift */,
				0281F3D11C0E1C7A00B7B4ED /* MenuHeaderView.swift */,
				02CA9C1B1C0F039400AA579C /* MenuHeaderView.xib */,
			);
			path = SideMenu;
			sourceTree = "<group>";
		};
		0281F3C51C0E024F00B7B4ED /* SWRevealViewController */ = {
			isa = PBXGroup;
			children = (
				0281F3C71C0E025D00B7B4ED /* SWRevealViewController.h */,
				0281F3C81C0E025D00B7B4ED /* SWRevealViewController.m */,
				0281F3C61C0E025D00B7B4ED /* SideMenu-Bridging-Header.h */,
			);
			name = SWRevealViewController;
			sourceTree = "<group>";
		};
		0281F3CE1C0E19C300B7B4ED /* images */ = {
			isa = PBXGroup;
			children = (
				02CDD1F71C237567001C71ED /* bg_user_pic.png */,
				0281F3D31C0E3F3D00B7B4ED /* user_mujer.jpeg */,
				0281F3CF1C0E19D200B7B4ED /* persona.jpg */,
			);
			name = images;
			sourceTree = "<group>";
		};
/* End PBXGroup section */

/* Begin PBXNativeTarget section */
		0281F3AF1C0DFEB000B7B4ED /* SideMenu */ = {
			isa = PBXNativeTarget;
			buildConfigurationList = 0281F3C21C0DFEB100B7B4ED /* Build configuration list for PBXNativeTarget "SideMenu" */;
			buildPhases = (
				0281F3AC1C0DFEB000B7B4ED /* Sources */,
				0281F3AD1C0DFEB000B7B4ED /* Frameworks */,
				0281F3AE1C0DFEB000B7B4ED /* Resources */,
			);
			buildRules = (
			);
			dependencies = (
			);
			name = SideMenu;
			productName = SideMenu;
			productReference = 0281F3B01C0DFEB000B7B4ED /* SideMenu.app */;
			productType = "com.apple.product-type.application";
		};
/* End PBXNativeTarget section */

/* Begin PBXProject section */
		0281F3A81C0DFEB000B7B4ED /* Project object */ = {
			isa = PBXProject;
			attributes = {
				LastSwiftUpdateCheck = 0710;
				LastUpgradeCheck = 0710;
				ORGANIZATIONNAME = tecprosolutions;
				TargetAttributes = {
					0281F3AF1C0DFEB000B7B4ED = {
						CreatedOnToolsVersion = 7.1.1;
					};
				};
			};
			buildConfigurationList = 0281F3AB1C0DFEB000B7B4ED /* Build configuration list for PBXProject "SideMenu" */;
			compatibilityVersion = "Xcode 3.2";
			developmentRegion = English;
			hasScannedForEncodings = 0;
			knownRegions = (
				en,
				Base,
			);
			mainGroup = 0281F3A71C0DFEB000B7B4ED;
			productRefGroup = 0281F3B11C0DFEB000B7B4ED /* Products */;
			projectDirPath = "";
			projectRoot = "";
			targets = (
				0281F3AF1C0DFEB000B7B4ED /* SideMenu */,
			);
		};
/* End PBXProject section */

/* Begin PBXResourcesBuildPhase section */
		0281F3AE1C0DFEB000B7B4ED /* Resources */ = {
			isa = PBXResourcesBuildPhase;
			buildActionMask = 2147483647;
			files = (
				02CDD1F81C237567001C71ED /* bg_user_pic.png in Resources */,
				0281F3BE1C0DFEB100B7B4ED /* LaunchScreen.storyboard in Resources */,
				0281F3BB1C0DFEB100B7B4ED /* Assets.xcassets in Resources */,
				02CA9C1C1C0F039400AA579C /* MenuHeaderView.xib in Resources */,
				0281F3D01C0E19D200B7B4ED /* persona.jpg in Resources */,
				0281F3D41C0E3F3D00B7B4ED /* user_mujer.jpeg in Resources */,
				0281F3B91C0DFEB100B7B4ED /* Main.storyboard in Resources */,
			);
			runOnlyForDeploymentPostprocessing = 0;
		};
/* End PBXResourcesBuildPhase section */

/* Begin PBXSourcesBuildPhase section */
		0281F3AC1C0DFEB000B7B4ED /* Sources */ = {
			isa = PBXSourcesBuildPhase;
			buildActionMask = 2147483647;
			files = (
				0281F3B61C0DFEB000B7B4ED /* ViewController.swift in Sources */,
				0281F3B41C0DFEB000B7B4ED /* AppDelegate.swift in Sources */,
				0281F3CB1C0E110200B7B4ED /* MenuTableView.swift in Sources */,
				0281F3D21C0E1C7A00B7B4ED /* MenuHeaderView.swift in Sources */,
				0281F3C91C0E025D00B7B4ED /* SWRevealViewController.m in Sources */,
			);
			runOnlyForDeploymentPostprocessing = 0;
		};
/* End PBXSourcesBuildPhase section */

/* Begin PBXVariantGroup section */
		0281F3B71C0DFEB100B7B4ED /* Main.storyboard */ = {
			isa = PBXVariantGroup;
			children = (
				0281F3B81C0DFEB100B7B4ED /* Base */,
			);
			name = Main.storyboard;
			sourceTree = "<group>";
		};
		0281F3BC1C0DFEB100B7B4ED /* LaunchScreen.storyboard */ = {
			isa = PBXVariantGroup;
			children = (
				0281F3BD1C0DFEB100B7B4ED /* Base */,
			);
			name = LaunchScreen.storyboard;
			sourceTree = "<group>";
		};
/* End PBXVariantGroup section */

/* Begin XCBuildConfiguration section */
		0281F3C01C0DFEB100B7B4ED /* Debug */ = {
			isa = XCBuildConfiguration;
			buildSettings = {
				ALWAYS_SEARCH_USER_PATHS = NO;
				CLANG_CXX_LANGUAGE_STANDARD = "gnu++0x";
				CLANG_CXX_LIBRARY = "libc++";
				CLANG_ENABLE_MODULES = YES;
				CLANG_ENABLE_OBJC_ARC = YES;
				CLANG_WARN_BOOL_CONVERSION = YES;
				CLANG_WARN_CONSTANT_CONVERSION = YES;
				CLANG_WARN_DIRECT_OBJC_ISA_USAGE = YES_ERROR;
				CLANG_WARN_EMPTY_BODY = YES;
				CLANG_WARN_ENUM_CONVERSION = YES;
				CLANG_WARN_INT_CONVERSION = YES;
				CLANG_WARN_OBJC_ROOT_CLASS = YES_ERROR;
				CLANG_WARN_UNREACHABLE_CODE = YES;
				CLANG_WARN__DUPLICATE_METHOD_MATCH = YES;
				"CODE_SIGN_IDENTITY[sdk=iphoneos*]" = "iPhone Developer";
				COPY_PHASE_STRIP = NO;
				DEBUG_INFORMATION_FORMAT = dwarf;
				ENABLE_STRICT_OBJC_MSGSEND = YES;
				ENABLE_TESTABILITY = YES;
				GCC_C_LANGUAGE_STANDARD = gnu99;
				GCC_DYNAMIC_NO_PIC = NO;
				GCC_NO_COMMON_BLOCKS = YES;
				GCC_OPTIMIZATION_LEVEL = 0;
				GCC_PREPROCESSOR_DEFINITIONS = (
					"DEBUG=1",
					"$(inherited)",
				);
				GCC_WARN_64_TO_32_BIT_CONVERSION = YES;
				GCC_WARN_ABOUT_RETURN_TYPE = YES_ERROR;
				GCC_WARN_UNDECLARED_SELECTOR = YES;
				GCC_WARN_UNINITIALIZED_AUTOS = YES_AGGRESSIVE;
				GCC_WARN_UNUSED_FUNCTION = YES;
				GCC_WARN_UNUSED_VARIABLE = YES;
				IPHONEOS_DEPLOYMENT_TARGET = 9.1;
				MTL_ENABLE_DEBUG_INFO = YES;
				ONLY_ACTIVE_ARCH = YES;
				SDKROOT = iphoneos;
				SWIFT_OPTIMIZATION_LEVEL = "-Onone";
			};
			name = Debug;
		};
		0281F3C11C0DFEB100B7B4ED /* Release */ = {
			isa = XCBuildConfiguration;
			buildSettings = {
				ALWAYS_SEARCH_USER_PATHS = NO;
				CLANG_CXX_LANGUAGE_STANDARD = "gnu++0x";
				CLANG_CXX_LIBRARY = "libc++";
				CLANG_ENABLE_MODULES = YES;
				CLANG_ENABLE_OBJC_ARC = YES;
				CLANG_WARN_BOOL_CONVERSION = YES;
				CLANG_WARN_CONSTANT_CONVERSION = YES;
				CLANG_WARN_DIRECT_OBJC_ISA_USAGE = YES_ERROR;
				CLANG_WARN_EMPTY_BODY = YES;
				CLANG_WARN_ENUM_CONVERSION = YES;
				CLANG_WARN_INT_CONVERSION = YES;
				CLANG_WARN_OBJC_ROOT_CLASS = YES_ERROR;
				CLANG_WARN_UNREACHABLE_CODE = YES;
				CLANG_WARN__DUPLICATE_METHOD_MATCH = YES;
				"CODE_SIGN_IDENTITY[sdk=iphoneos*]" = "iPhone Developer";
				COPY_PHASE_STRIP = NO;
				DEBUG_INFORMATION_FORMAT = "dwarf-with-dsym";
				ENABLE_NS_ASSERTIONS = NO;
				ENABLE_STRICT_OBJC_MSGSEND = YES;
				GCC_C_LANGUAGE_STANDARD = gnu99;
				GCC_NO_COMMON_BLOCKS = YES;
				GCC_WARN_64_TO_32_BIT_CONVERSION = YES;
				GCC_WARN_ABOUT_RETURN_TYPE = YES_ERROR;
				GCC_WARN_UNDECLARED_SELECTOR = YES;
				GCC_WARN_UNINITIALIZED_AUTOS = YES_AGGRESSIVE;
				GCC_WARN_UNUSED_FUNCTION = YES;
				GCC_WARN_UNUSED_VARIABLE = YES;
				IPHONEOS_DEPLOYMENT_TARGET = 9.1;
				MTL_ENABLE_DEBUG_INFO = NO;
				SDKROOT = iphoneos;
				VALIDATE_PRODUCT = YES;
			};
			name = Release;
		};
		0281F3C31C0DFEB100B7B4ED /* Debug */ = {
			isa = XCBuildConfiguration;
			buildSettings = {
				ASSETCATALOG_COMPILER_APPICON_NAME = AppIcon;
				CLANG_ENABLE_MODULES = YES;
				INFOPLIST_FILE = SideMenu/Info.plist;
				LD_RUNPATH_SEARCH_PATHS = "$(inherited) @executable_path/Frameworks";
				PRODUCT_BUNDLE_IDENTIFIER = com.tps.examples.SideMenu;
				PRODUCT_NAME = "$(TARGET_NAME)";
				SWIFT_OBJC_BRIDGING_HEADER = "SideMenu-Bridging-Header.h";
				SWIFT_OPTIMIZATION_LEVEL = "-Onone";
			};
			name = Debug;
		};
		0281F3C41C0DFEB100B7B4ED /* Release */ = {
			isa = XCBuildConfiguration;
			buildSettings = {
				ASSETCATALOG_COMPILER_APPICON_NAME = AppIcon;
				CLANG_ENABLE_MODULES = YES;
				INFOPLIST_FILE = SideMenu/Info.plist;
				LD_RUNPATH_SEARCH_PATHS = "$(inherited) @executable_path/Frameworks";
				PRODUCT_BUNDLE_IDENTIFIER = com.tps.examples.SideMenu;
				PRODUCT_NAME = "$(TARGET_NAME)";
				SWIFT_OBJC_BRIDGING_HEADER = "SideMenu-Bridging-Header.h";
			};
			name = Release;
		};
/* End XCBuildConfiguration section */

/* Begin XCConfigurationList section */
		0281F3AB1C0DFEB000B7B4ED /* Build configuration list for PBXProject "SideMenu" */ = {
			isa = XCConfigurationList;
			buildConfigurations = (
				0281F3C01C0DFEB100B7B4ED /* Debug */,
				0281F3C11C0DFEB100B7B4ED /* Release */,
			);
			defaultConfigurationIsVisible = 0;
			defaultConfigurationName = Release;
		};
		0281F3C21C0DFEB100B7B4ED /* Build configuration list for PBXNativeTarget "SideMenu" */ = {
			isa = XCConfigurationList;
			buildConfigurations = (
				0281F3C31C0DFEB100B7B4ED /* Debug */,
				0281F3C41C0DFEB100B7B4ED /* Release */,
			);
			defaultConfigurationIsVisible = 0;
			defaultConfigurationName = Release;
		};
/* End XCConfigurationList section */
	};
	rootObject = 0281F3A81C0DFEB000B7B4ED /* Project object */;
}
